
Microsoft Visual Studio Solution File, Format Version 12.00
# Visual Studio Version 17
VisualStudioVersion = 17.0.31912.275
MinimumVisualStudioVersion = 10.0.40219.1
Project("{FAE04EC0-301F-11D3-BF4B-00C04F79EFBC}") = "WpfApp1", "WpfApp1\WpfApp1.csproj", "{F4173947-3B8A-41F4-A345-A7F4BEEB78CF}"
EndProject
Project("{FAE04EC0-301F-11D3-BF4B-00C04F79EFBC}") = "Controls", "Controls\Controls.csproj", "{6206C55F-DBCD-4F7D-9D32-C56EC815897B}"
EndProject
Global
	GlobalSection(SolutionConfigurationPlatforms) = preSolution
		Debug|Any CPU = Debug|Any CPU
		Release|Any CPU = Release|Any CPU
	EndGlobalSection
	GlobalSection(ProjectConfigurationPlatforms) = postSolution
		{F4173947-3B8A-41F4-A345-A7F4BEEB78CF}.Debug|Any CPU.ActiveCfg = Debug|Any CPU
		{F4173947-3B8A-41F4-A345-A7F4BEEB78CF}.Debug|Any CPU.Build.0 = Debug|Any CPU
		{F4173947-3B8A-41F4-A345-A7F4BEEB78CF}.Release|Any CPU.ActiveCfg = Release|Any CPU
		{F4173947-3B8A-41F4-A345-A7F4BEEB78CF}.Release|Any CPU.Build.0 = Release|Any CPU
		{6206C55F-DBCD-4F7D-9D32-C56EC815897B}.Debug|Any CPU.ActiveCfg = Debug|Any CPU
		{6206C55F-DBCD-4F7D-9D32-C56EC815897B}.Debug|Any CPU.Build.0 = Debug|Any CPU
		{6206C55F-DBCD-4F7D-9D32-C56EC815897B}.Release|Any CPU.ActiveCfg = Release|Any CPU
		{6206C55F-DBCD-4F7D-9D32-C56EC815897B}.Release|Any CPU.Build.0 = Release|Any CPU
	EndGlobalSection
	GlobalSection(SolutionProperties) = preSolution
		HideSolutionNode = FALSE
	EndGlobalSection
	GlobalSection(ExtensibilityGlobals) = postSolution
		SolutionGuid = {64E77F9A-3CA5-4C0D-8280-C69E38905632}
	EndGlobalSection
EndGlobal
